// !$*UTF8*$!
{
	archiveVersion = 1;
	classes = {
	};
	objectVersion = 56;
	objects = {

/* Begin PBXBuildFile section */
		A1DC191D29FAA70E00B0F08F /* AppDelegate.swift in Sources */ = {isa = PBXBuildFile; fileRef = A1DC191C29FAA70E00B0F08F /* AppDelegate.swift */; };
		A1DC191F29FAA70E00B0F08F /* SceneDelegate.swift in Sources */ = {isa = PBXBuildFile; fileRef = A1DC191E29FAA70E00B0F08F /* SceneDelegate.swift */; };
		A1DC192129FAA70E00B0F08F /* HomeViewController.swift in Sources */ = {isa = PBXBuildFile; fileRef = A1DC192029FAA70E00B0F08F /* HomeViewController.swift */; };
		A1DC192429FAA70E00B0F08F /* Main.storyboard in Resources */ = {isa = PBXBuildFile; fileRef = A1DC192229FAA70E00B0F08F /* Main.storyboard */; };
		A1DC192629FAA71000B0F08F /* Assets.xcassets in Resources */ = {isa = PBXBuildFile; fileRef = A1DC192529FAA71000B0F08F /* Assets.xcassets */; };
		A1DC192929FAA71000B0F08F /* LaunchScreen.storyboard in Resources */ = {isa = PBXBuildFile; fileRef = A1DC192729FAA71000B0F08F /* LaunchScreen.storyboard */; };
		A1DC193129FAAA6B00B0F08F /* Constants.swift in Sources */ = {isa = PBXBuildFile; fileRef = A1DC193029FAAA6B00B0F08F /* Constants.swift */; };
		A1DC193429FAAA9B00B0F08F /* NetworkManager.swift in Sources */ = {isa = PBXBuildFile; fileRef = A1DC193329FAAA9B00B0F08F /* NetworkManager.swift */; };
		A1DC193629FAABD500B0F08F /* NetworkError.swift in Sources */ = {isa = PBXBuildFile; fileRef = A1DC193529FAABD500B0F08F /* NetworkError.swift */; };
		A1DC193929FAAF0800B0F08F /* GameList.swift in Sources */ = {isa = PBXBuildFile; fileRef = A1DC193829FAAF0800B0F08F /* GameList.swift */; };
		A1DC193F29FBCDE200B0F08F /* GameGenres.swift in Sources */ = {isa = PBXBuildFile; fileRef = A1DC193E29FBCDE200B0F08F /* GameGenres.swift */; };
		A1DC194129FBD0FE00B0F08F /* Game.swift in Sources */ = {isa = PBXBuildFile; fileRef = A1DC194029FBD0FE00B0F08F /* Game.swift */; };
		A1DC194429FBDAC000B0F08F /* GameGenreSelectTableViewController.swift in Sources */ = {isa = PBXBuildFile; fileRef = A1DC194329FBDAC000B0F08F /* GameGenreSelectTableViewController.swift */; };
		A1DC194629FBDAD300B0F08F /* GameListTableViewController.swift in Sources */ = {isa = PBXBuildFile; fileRef = A1DC194529FBDAD300B0F08F /* GameListTableViewController.swift */; };
		A1DC194829FBDAE800B0F08F /* GameDetailTableViewController.swift in Sources */ = {isa = PBXBuildFile; fileRef = A1DC194729FBDAE800B0F08F /* GameDetailTableViewController.swift */; };
		A1DC194B29FBDDD700B0F08F /* Colors.swift in Sources */ = {isa = PBXBuildFile; fileRef = A1DC194A29FBDDD700B0F08F /* Colors.swift */; };
		A1DC194E29FBDE9C00B0F08F /* UIColor+Extension.swift in Sources */ = {isa = PBXBuildFile; fileRef = A1DC194D29FBDE9C00B0F08F /* UIColor+Extension.swift */; };
		A1DC195129FBDF8200B0F08F /* Fonts.swift in Sources */ = {isa = PBXBuildFile; fileRef = A1DC195029FBDF8200B0F08F /* Fonts.swift */; };
		A1DC195329FBDFD000B0F08F /* Text.swift in Sources */ = {isa = PBXBuildFile; fileRef = A1DC195229FBDFD000B0F08F /* Text.swift */; };
		A1DC195529FBE60600B0F08F /* LogoView.swift in Sources */ = {isa = PBXBuildFile; fileRef = A1DC195429FBE60600B0F08F /* LogoView.swift */; };
		A1DC195729FC1F5D00B0F08F /* UIImageView+Extension.swift in Sources */ = {isa = PBXBuildFile; fileRef = A1DC195629FC1F5D00B0F08F /* UIImageView+Extension.swift */; };
		A1DC195929FE51A600B0F08F /* StartView.swift in Sources */ = {isa = PBXBuildFile; fileRef = A1DC195829FE51A600B0F08F /* StartView.swift */; };
		A1DC195C29FE5BDD00B0F08F /* SnapKit in Frameworks */ = {isa = PBXBuildFile; productRef = A1DC195B29FE5BDD00B0F08F /* SnapKit */; };
		A1DC195F29FE609200B0F08F /* UILabelFactory.swift in Sources */ = {isa = PBXBuildFile; fileRef = A1DC195E29FE609200B0F08F /* UILabelFactory.swift */; };
		A1DC196129FE615700B0F08F /* UIView+Extension.swift in Sources */ = {isa = PBXBuildFile; fileRef = A1DC196029FE615700B0F08F /* UIView+Extension.swift */; };
		A1DC196329FE712600B0F08F /* GamePageView.swift in Sources */ = {isa = PBXBuildFile; fileRef = A1DC196229FE712600B0F08F /* GamePageView.swift */; };
		A1DC196529FE7D6C00B0F08F /* ScrollView+Extension.swift in Sources */ = {isa = PBXBuildFile; fileRef = A1DC196429FE7D6C00B0F08F /* ScrollView+Extension.swift */; };
		A1DC196729FE84DB00B0F08F /* OnboardingView.swift in Sources */ = {isa = PBXBuildFile; fileRef = A1DC196629FE84DB00B0F08F /* OnboardingView.swift */; };
		A1DC196A29FFC19000B0F08F /* CombineCocoa in Frameworks */ = {isa = PBXBuildFile; productRef = A1DC196929FFC19000B0F08F /* CombineCocoa */; };
		A1DC196D29FFC2AC00B0F08F /* UIResponder+Extension.swift in Sources */ = {isa = PBXBuildFile; fileRef = A1DC196C29FFC2AC00B0F08F /* UIResponder+Extension.swift */; };
		A1DC197029FFC30900B0F08F /* GameViewModel.swift in Sources */ = {isa = PBXBuildFile; fileRef = A1DC196F29FFC30900B0F08F /* GameViewModel.swift */; };
		A1DC197429FFC73400B0F08F /* Spinner.swift in Sources */ = {isa = PBXBuildFile; fileRef = A1DC197329FFC73400B0F08F /* Spinner.swift */; };
		A1DC197629FFC78E00B0F08F /* SpinnerController.swift in Sources */ = {isa = PBXBuildFile; fileRef = A1DC197529FFC78E00B0F08F /* SpinnerController.swift */; };
		A1DC197929FFCEEF00B0F08F /* Kingfisher in Frameworks */ = {isa = PBXBuildFile; productRef = A1DC197829FFCEEF00B0F08F /* Kingfisher */; };
		A1DC197B29FFE4FF00B0F08F /* UIImageView+Extenstion.swift in Sources */ = {isa = PBXBuildFile; fileRef = A1DC197A29FFE4FF00B0F08F /* UIImageView+Extenstion.swift */; };
		A1DC197D2A00253600B0F08F /* GameDetailView.swift in Sources */ = {isa = PBXBuildFile; fileRef = A1DC197C2A00253600B0F08F /* GameDetailView.swift */; };
		A1DC197F2A0100B400B0F08F /* PlatformView.swift in Sources */ = {isa = PBXBuildFile; fileRef = A1DC197E2A0100B400B0F08F /* PlatformView.swift */; };
		A1DC19812A01012B00B0F08F /* UIButtonFactory.swift in Sources */ = {isa = PBXBuildFile; fileRef = A1DC19802A01012B00B0F08F /* UIButtonFactory.swift */; };
/* End PBXBuildFile section */

/* Begin PBXFileReference section */
		A1DC191929FAA70E00B0F08F /* game-news-app.app */ = {isa = PBXFileReference; explicitFileType = wrapper.application; includeInIndex = 0; path = "game-news-app.app"; sourceTree = BUILT_PRODUCTS_DIR; };
		A1DC191C29FAA70E00B0F08F /* AppDelegate.swift */ = {isa = PBXFileReference; lastKnownFileType = sourcecode.swift; path = AppDelegate.swift; sourceTree = "<group>"; };
		A1DC191E29FAA70E00B0F08F /* SceneDelegate.swift */ = {isa = PBXFileReference; lastKnownFileType = sourcecode.swift; path = SceneDelegate.swift; sourceTree = "<group>"; };
		A1DC192029FAA70E00B0F08F /* HomeViewController.swift */ = {isa = PBXFileReference; lastKnownFileType = sourcecode.swift; path = HomeViewController.swift; sourceTree = "<group>"; };
		A1DC192329FAA70E00B0F08F /* Base */ = {isa = PBXFileReference; lastKnownFileType = file.storyboard; name = Base; path = Base.lproj/Main.storyboard; sourceTree = "<group>"; };
		A1DC192529FAA71000B0F08F /* Assets.xcassets */ = {isa = PBXFileReference; lastKnownFileType = folder.assetcatalog; path = Assets.xcassets; sourceTree = "<group>"; };
		A1DC192829FAA71000B0F08F /* Base */ = {isa = PBXFileReference; lastKnownFileType = file.storyboard; name = Base; path = Base.lproj/LaunchScreen.storyboard; sourceTree = "<group>"; };
		A1DC192A29FAA71000B0F08F /* Info.plist */ = {isa = PBXFileReference; lastKnownFileType = text.plist.xml; path = Info.plist; sourceTree = "<group>"; };
		A1DC193029FAAA6B00B0F08F /* Constants.swift */ = {isa = PBXFileReference; lastKnownFileType = sourcecode.swift; path = Constants.swift; sourceTree = "<group>"; };
		A1DC193329FAAA9B00B0F08F /* NetworkManager.swift */ = {isa = PBXFileReference; lastKnownFileType = sourcecode.swift; path = NetworkManager.swift; sourceTree = "<group>"; };
		A1DC193529FAABD500B0F08F /* NetworkError.swift */ = {isa = PBXFileReference; lastKnownFileType = sourcecode.swift; path = NetworkError.swift; sourceTree = "<group>"; };
		A1DC193829FAAF0800B0F08F /* GameList.swift */ = {isa = PBXFileReference; lastKnownFileType = sourcecode.swift; path = GameList.swift; sourceTree = "<group>"; };
		A1DC193E29FBCDE200B0F08F /* GameGenres.swift */ = {isa = PBXFileReference; lastKnownFileType = sourcecode.swift; path = GameGenres.swift; sourceTree = "<group>"; };
		A1DC194029FBD0FE00B0F08F /* Game.swift */ = {isa = PBXFileReference; lastKnownFileType = sourcecode.swift; path = Game.swift; sourceTree = "<group>"; };
		A1DC194329FBDAC000B0F08F /* GameGenreSelectTableViewController.swift */ = {isa = PBXFileReference; lastKnownFileType = sourcecode.swift; path = GameGenreSelectTableViewController.swift; sourceTree = "<group>"; };
		A1DC194529FBDAD300B0F08F /* GameListTableViewController.swift */ = {isa = PBXFileReference; lastKnownFileType = sourcecode.swift; path = GameListTableViewController.swift; sourceTree = "<group>"; };
		A1DC194729FBDAE800B0F08F /* GameDetailTableViewController.swift */ = {isa = PBXFileReference; lastKnownFileType = sourcecode.swift; path = GameDetailTableViewController.swift; sourceTree = "<group>"; };
		A1DC194A29FBDDD700B0F08F /* Colors.swift */ = {isa = PBXFileReference; lastKnownFileType = sourcecode.swift; path = Colors.swift; sourceTree = "<group>"; };
		A1DC194D29FBDE9C00B0F08F /* UIColor+Extension.swift */ = {isa = PBXFileReference; lastKnownFileType = sourcecode.swift; path = "UIColor+Extension.swift"; sourceTree = "<group>"; };
		A1DC195029FBDF8200B0F08F /* Fonts.swift */ = {isa = PBXFileReference; lastKnownFileType = sourcecode.swift; path = Fonts.swift; sourceTree = "<group>"; };
		A1DC195229FBDFD000B0F08F /* Text.swift */ = {isa = PBXFileReference; lastKnownFileType = sourcecode.swift; path = Text.swift; sourceTree = "<group>"; };
		A1DC195429FBE60600B0F08F /* LogoView.swift */ = {isa = PBXFileReference; lastKnownFileType = sourcecode.swift; path = LogoView.swift; sourceTree = "<group>"; };
		A1DC195629FC1F5D00B0F08F /* UIImageView+Extension.swift */ = {isa = PBXFileReference; lastKnownFileType = sourcecode.swift; path = "UIImageView+Extension.swift"; sourceTree = "<group>"; };
		A1DC195829FE51A600B0F08F /* StartView.swift */ = {isa = PBXFileReference; lastKnownFileType = sourcecode.swift; path = StartView.swift; sourceTree = "<group>"; };
		A1DC195E29FE609200B0F08F /* UILabelFactory.swift */ = {isa = PBXFileReference; lastKnownFileType = sourcecode.swift; path = UILabelFactory.swift; sourceTree = "<group>"; };
		A1DC196029FE615700B0F08F /* UIView+Extension.swift */ = {isa = PBXFileReference; lastKnownFileType = sourcecode.swift; path = "UIView+Extension.swift"; sourceTree = "<group>"; };
		A1DC196229FE712600B0F08F /* GamePageView.swift */ = {isa = PBXFileReference; lastKnownFileType = sourcecode.swift; path = GamePageView.swift; sourceTree = "<group>"; };
		A1DC196429FE7D6C00B0F08F /* ScrollView+Extension.swift */ = {isa = PBXFileReference; lastKnownFileType = sourcecode.swift; path = "ScrollView+Extension.swift"; sourceTree = "<group>"; };
		A1DC196629FE84DB00B0F08F /* OnboardingView.swift */ = {isa = PBXFileReference; lastKnownFileType = sourcecode.swift; path = OnboardingView.swift; sourceTree = "<group>"; };
		A1DC196C29FFC2AC00B0F08F /* UIResponder+Extension.swift */ = {isa = PBXFileReference; lastKnownFileType = sourcecode.swift; path = "UIResponder+Extension.swift"; sourceTree = "<group>"; };
		A1DC196F29FFC30900B0F08F /* GameViewModel.swift */ = {isa = PBXFileReference; lastKnownFileType = sourcecode.swift; path = GameViewModel.swift; sourceTree = "<group>"; };
		A1DC197329FFC73400B0F08F /* Spinner.swift */ = {isa = PBXFileReference; lastKnownFileType = sourcecode.swift; path = Spinner.swift; sourceTree = "<group>"; };
		A1DC197529FFC78E00B0F08F /* SpinnerController.swift */ = {isa = PBXFileReference; lastKnownFileType = sourcecode.swift; path = SpinnerController.swift; sourceTree = "<group>"; };
		A1DC197A29FFE4FF00B0F08F /* UIImageView+Extenstion.swift */ = {isa = PBXFileReference; lastKnownFileType = sourcecode.swift; path = "UIImageView+Extenstion.swift"; sourceTree = "<group>"; };
		A1DC197C2A00253600B0F08F /* GameDetailView.swift */ = {isa = PBXFileReference; lastKnownFileType = sourcecode.swift; path = GameDetailView.swift; sourceTree = "<group>"; };
		A1DC197E2A0100B400B0F08F /* PlatformView.swift */ = {isa = PBXFileReference; lastKnownFileType = sourcecode.swift; path = PlatformView.swift; sourceTree = "<group>"; };
		A1DC19802A01012B00B0F08F /* UIButtonFactory.swift */ = {isa = PBXFileReference; lastKnownFileType = sourcecode.swift; path = UIButtonFactory.swift; sourceTree = "<group>"; };
/* End PBXFileReference section */

/* Begin PBXFrameworksBuildPhase section */
		A1DC191629FAA70E00B0F08F /* Frameworks */ = {
			isa = PBXFrameworksBuildPhase;
			buildActionMask = 2147483647;
			files = (
				A1DC197929FFCEEF00B0F08F /* Kingfisher in Frameworks */,
				A1DC196A29FFC19000B0F08F /* CombineCocoa in Frameworks */,
				A1DC195C29FE5BDD00B0F08F /* SnapKit in Frameworks */,
			);
			runOnlyForDeploymentPostprocessing = 0;
		};
/* End PBXFrameworksBuildPhase section */

/* Begin PBXGroup section */
		A1DC191029FAA70E00B0F08F = {
			isa = PBXGroup;
			children = (
				A1DC191B29FAA70E00B0F08F /* game-news-app */,
				A1DC191A29FAA70E00B0F08F /* Products */,
			);
			sourceTree = "<group>";
		};
		A1DC191A29FAA70E00B0F08F /* Products */ = {
			isa = PBXGroup;
			children = (
				A1DC191929FAA70E00B0F08F /* game-news-app.app */,
			);
			name = Products;
			sourceTree = "<group>";
		};
		A1DC191B29FAA70E00B0F08F /* game-news-app */ = {
			isa = PBXGroup;
			children = (
				A1DC196E29FFC2FA00B0F08F /* GameViewModel */,
				A1DC195D29FE607E00B0F08F /* UIFactory */,
				A1DC194F29FBDF6E00B0F08F /* Theme */,
				A1DC194C29FBDE8C00B0F08F /* Extension */,
				A1DC194929FBDAF000B0F08F /* View */,
				A1DC194229FBDA9600B0F08F /* ViewController */,
				A1DC193229FAAA8E00B0F08F /* Model */,
				A1DC191C29FAA70E00B0F08F /* AppDelegate.swift */,
				A1DC191E29FAA70E00B0F08F /* SceneDelegate.swift */,
				A1DC192229FAA70E00B0F08F /* Main.storyboard */,
				A1DC192529FAA71000B0F08F /* Assets.xcassets */,
				A1DC192729FAA71000B0F08F /* LaunchScreen.storyboard */,
				A1DC192A29FAA71000B0F08F /* Info.plist */,
			);
			path = "game-news-app";
			sourceTree = "<group>";
		};
		A1DC193229FAAA8E00B0F08F /* Model */ = {
			isa = PBXGroup;
			children = (
				A1DC193329FAAA9B00B0F08F /* NetworkManager.swift */,
				A1DC193529FAABD500B0F08F /* NetworkError.swift */,
				A1DC193829FAAF0800B0F08F /* GameList.swift */,
				A1DC193E29FBCDE200B0F08F /* GameGenres.swift */,
				A1DC194029FBD0FE00B0F08F /* Game.swift */,
			);
			path = Model;
			sourceTree = "<group>";
		};
		A1DC194229FBDA9600B0F08F /* ViewController */ = {
			isa = PBXGroup;
			children = (
				A1DC192029FAA70E00B0F08F /* HomeViewController.swift */,
				A1DC194329FBDAC000B0F08F /* GameGenreSelectTableViewController.swift */,
				A1DC194529FBDAD300B0F08F /* GameListTableViewController.swift */,
				A1DC194729FBDAE800B0F08F /* GameDetailTableViewController.swift */,
			);
			path = ViewController;
			sourceTree = "<group>";
		};
		A1DC194929FBDAF000B0F08F /* View */ = {
			isa = PBXGroup;
			children = (
				A1DC195429FBE60600B0F08F /* LogoView.swift */,
				A1DC195829FE51A600B0F08F /* StartView.swift */,
				A1DC196229FE712600B0F08F /* GamePageView.swift */,
				A1DC196629FE84DB00B0F08F /* OnboardingView.swift */,
				A1DC197529FFC78E00B0F08F /* SpinnerController.swift */,
				A1DC197C2A00253600B0F08F /* GameDetailView.swift */,
				A1DC197E2A0100B400B0F08F /* PlatformView.swift */,
			);
			path = View;
			sourceTree = "<group>";
		};
		A1DC194C29FBDE8C00B0F08F /* Extension */ = {
			isa = PBXGroup;
			children = (
				A1DC194D29FBDE9C00B0F08F /* UIColor+Extension.swift */,
				A1DC195629FC1F5D00B0F08F /* UIImageView+Extension.swift */,
				A1DC196029FE615700B0F08F /* UIView+Extension.swift */,
				A1DC196429FE7D6C00B0F08F /* ScrollView+Extension.swift */,
				A1DC196C29FFC2AC00B0F08F /* UIResponder+Extension.swift */,
				A1DC197A29FFE4FF00B0F08F /* UIImageView+Extenstion.swift */,
			);
			path = Extension;
			sourceTree = "<group>";
		};
		A1DC194F29FBDF6E00B0F08F /* Theme */ = {
			isa = PBXGroup;
			children = (
				A1DC195029FBDF8200B0F08F /* Fonts.swift */,
				A1DC194A29FBDDD700B0F08F /* Colors.swift */,
				A1DC195229FBDFD000B0F08F /* Text.swift */,
				A1DC193029FAAA6B00B0F08F /* Constants.swift */,
			);
			path = Theme;
			sourceTree = "<group>";
		};
		A1DC195D29FE607E00B0F08F /* UIFactory */ = {
			isa = PBXGroup;
			children = (
				A1DC195E29FE609200B0F08F /* UILabelFactory.swift */,
				A1DC197329FFC73400B0F08F /* Spinner.swift */,
				A1DC19802A01012B00B0F08F /* UIButtonFactory.swift */,
			);
			path = UIFactory;
			sourceTree = "<group>";
		};
		A1DC196E29FFC2FA00B0F08F /* GameViewModel */ = {
			isa = PBXGroup;
			children = (
				A1DC196F29FFC30900B0F08F /* GameViewModel.swift */,
			);
			path = GameViewModel;
			sourceTree = "<group>";
		};
/* End PBXGroup section */

/* Begin PBXNativeTarget section */
		A1DC191829FAA70E00B0F08F /* game-news-app */ = {
			isa = PBXNativeTarget;
			buildConfigurationList = A1DC192D29FAA71000B0F08F /* Build configuration list for PBXNativeTarget "game-news-app" */;
			buildPhases = (
				A1DC191529FAA70E00B0F08F /* Sources */,
				A1DC191629FAA70E00B0F08F /* Frameworks */,
				A1DC191729FAA70E00B0F08F /* Resources */,
			);
			buildRules = (
			);
			dependencies = (
			);
			name = "game-news-app";
			packageProductDependencies = (
				A1DC195B29FE5BDD00B0F08F /* SnapKit */,
				A1DC196929FFC19000B0F08F /* CombineCocoa */,
				A1DC197829FFCEEF00B0F08F /* Kingfisher */,
			);
			productName = "game-news-app";
			productReference = A1DC191929FAA70E00B0F08F /* game-news-app.app */;
			productType = "com.apple.product-type.application";
		};
/* End PBXNativeTarget section */

/* Begin PBXProject section */
		A1DC191129FAA70E00B0F08F /* Project object */ = {
			isa = PBXProject;
			attributes = {
				BuildIndependentTargetsInParallel = 1;
				LastSwiftUpdateCheck = 1430;
				LastUpgradeCheck = 1430;
				TargetAttributes = {
					A1DC191829FAA70E00B0F08F = {
						CreatedOnToolsVersion = 14.3;
					};
				};
			};
			buildConfigurationList = A1DC191429FAA70E00B0F08F /* Build configuration list for PBXProject "game-news-app" */;
			compatibilityVersion = "Xcode 14.0";
			developmentRegion = en;
			hasScannedForEncodings = 0;
			knownRegions = (
				en,
				Base,
			);
			mainGroup = A1DC191029FAA70E00B0F08F;
			packageReferences = (
				A1DC195A29FE5BDD00B0F08F /* XCRemoteSwiftPackageReference "SnapKit" */,
				A1DC196829FFC19000B0F08F /* XCRemoteSwiftPackageReference "CombineCocoa" */,
				A1DC197729FFCEEF00B0F08F /* XCRemoteSwiftPackageReference "Kingfisher" */,
			);
			productRefGroup = A1DC191A29FAA70E00B0F08F /* Products */;
			projectDirPath = "";
			projectRoot = "";
			targets = (
				A1DC191829FAA70E00B0F08F /* game-news-app */,
			);
		};
/* End PBXProject section */

/* Begin PBXResourcesBuildPhase section */
		A1DC191729FAA70E00B0F08F /* Resources */ = {
			isa = PBXResourcesBuildPhase;
			buildActionMask = 2147483647;
			files = (
				A1DC192929FAA71000B0F08F /* LaunchScreen.storyboard in Resources */,
				A1DC192629FAA71000B0F08F /* Assets.xcassets in Resources */,
				A1DC192429FAA70E00B0F08F /* Main.storyboard in Resources */,
			);
			runOnlyForDeploymentPostprocessing = 0;
		};
/* End PBXResourcesBuildPhase section */

/* Begin PBXSourcesBuildPhase section */
		A1DC191529FAA70E00B0F08F /* Sources */ = {
			isa = PBXSourcesBuildPhase;
			buildActionMask = 2147483647;
			files = (
				A1DC195529FBE60600B0F08F /* LogoView.swift in Sources */,
				A1DC197429FFC73400B0F08F /* Spinner.swift in Sources */,
				A1DC195929FE51A600B0F08F /* StartView.swift in Sources */,
				A1DC19812A01012B00B0F08F /* UIButtonFactory.swift in Sources */,
				A1DC197D2A00253600B0F08F /* GameDetailView.swift in Sources */,
				A1DC192129FAA70E00B0F08F /* HomeViewController.swift in Sources */,
				A1DC194129FBD0FE00B0F08F /* Game.swift in Sources */,
				A1DC193F29FBCDE200B0F08F /* GameGenres.swift in Sources */,
				A1DC191D29FAA70E00B0F08F /* AppDelegate.swift in Sources */,
				A1DC197029FFC30900B0F08F /* GameViewModel.swift in Sources */,
				A1DC193429FAAA9B00B0F08F /* NetworkManager.swift in Sources */,
				A1DC197629FFC78E00B0F08F /* SpinnerController.swift in Sources */,
				A1DC196529FE7D6C00B0F08F /* ScrollView+Extension.swift in Sources */,
				A1DC196D29FFC2AC00B0F08F /* UIResponder+Extension.swift in Sources */,
				A1DC196329FE712600B0F08F /* GamePageView.swift in Sources */,
				A1DC193629FAABD500B0F08F /* NetworkError.swift in Sources */,
				A1DC195129FBDF8200B0F08F /* Fonts.swift in Sources */,
				A1DC194829FBDAE800B0F08F /* GameDetailTableViewController.swift in Sources */,
				A1DC194E29FBDE9C00B0F08F /* UIColor+Extension.swift in Sources */,
				A1DC197B29FFE4FF00B0F08F /* UIImageView+Extenstion.swift in Sources */,
				A1DC191F29FAA70E00B0F08F /* SceneDelegate.swift in Sources */,
				A1DC195329FBDFD000B0F08F /* Text.swift in Sources */,
				A1DC197F2A0100B400B0F08F /* PlatformView.swift in Sources */,
				A1DC195F29FE609200B0F08F /* UILabelFactory.swift in Sources */,
				A1DC195729FC1F5D00B0F08F /* UIImageView+Extension.swift in Sources */,
				A1DC196129FE615700B0F08F /* UIView+Extension.swift in Sources */,
				A1DC194B29FBDDD700B0F08F /* Colors.swift in Sources */,
				A1DC194629FBDAD300B0F08F /* GameListTableViewController.swift in Sources */,
				A1DC194429FBDAC000B0F08F /* GameGenreSelectTableViewController.swift in Sources */,
				A1DC196729FE84DB00B0F08F /* OnboardingView.swift in Sources */,
				A1DC193929FAAF0800B0F08F /* GameList.swift in Sources */,
				A1DC193129FAAA6B00B0F08F /* Constants.swift in Sources */,
			);
			runOnlyForDeploymentPostprocessing = 0;
		};
/* End PBXSourcesBuildPhase section */

/* Begin PBXVariantGroup section */
		A1DC192229FAA70E00B0F08F /* Main.storyboard */ = {
			isa = PBXVariantGroup;
			children = (
				A1DC192329FAA70E00B0F08F /* Base */,
			);
			name = Main.storyboard;
			sourceTree = "<group>";
		};
		A1DC192729FAA71000B0F08F /* LaunchScreen.storyboard */ = {
			isa = PBXVariantGroup;
			children = (
				A1DC192829FAA71000B0F08F /* Base */,
			);
			name = LaunchScreen.storyboard;
			sourceTree = "<group>";
		};
/* End PBXVariantGroup section */

/* Begin XCBuildConfiguration section */
		A1DC192B29FAA71000B0F08F /* Debug */ = {
			isa = XCBuildConfiguration;
			buildSettings = {
				ALWAYS_SEARCH_USER_PATHS = NO;
				CLANG_ANALYZER_NONNULL = YES;
				CLANG_ANALYZER_NUMBER_OBJECT_CONVERSION = YES_AGGRESSIVE;
				CLANG_CXX_LANGUAGE_STANDARD = "gnu++20";
				CLANG_ENABLE_MODULES = YES;
				CLANG_ENABLE_OBJC_ARC = YES;
				CLANG_ENABLE_OBJC_WEAK = YES;
				CLANG_WARN_BLOCK_CAPTURE_AUTORELEASING = YES;
				CLANG_WARN_BOOL_CONVERSION = YES;
				CLANG_WARN_COMMA = YES;
				CLANG_WARN_CONSTANT_CONVERSION = YES;
				CLANG_WARN_DEPRECATED_OBJC_IMPLEMENTATIONS = YES;
				CLANG_WARN_DIRECT_OBJC_ISA_USAGE = YES_ERROR;
				CLANG_WARN_DOCUMENTATION_COMMENTS = YES;
				CLANG_WARN_EMPTY_BODY = YES;
				CLANG_WARN_ENUM_CONVERSION = YES;
				CLANG_WARN_INFINITE_RECURSION = YES;
				CLANG_WARN_INT_CONVERSION = YES;
				CLANG_WARN_NON_LITERAL_NULL_CONVERSION = YES;
				CLANG_WARN_OBJC_IMPLICIT_RETAIN_SELF = YES;
				CLANG_WARN_OBJC_LITERAL_CONVERSION = YES;
				CLANG_WARN_OBJC_ROOT_CLASS = YES_ERROR;
				CLANG_WARN_QUOTED_INCLUDE_IN_FRAMEWORK_HEADER = YES;
				CLANG_WARN_RANGE_LOOP_ANALYSIS = YES;
				CLANG_WARN_STRICT_PROTOTYPES = YES;
				CLANG_WARN_SUSPICIOUS_MOVE = YES;
				CLANG_WARN_UNGUARDED_AVAILABILITY = YES_AGGRESSIVE;
				CLANG_WARN_UNREACHABLE_CODE = YES;
				CLANG_WARN__DUPLICATE_METHOD_MATCH = YES;
				COPY_PHASE_STRIP = NO;
				DEBUG_INFORMATION_FORMAT = dwarf;
				ENABLE_STRICT_OBJC_MSGSEND = YES;
				ENABLE_TESTABILITY = YES;
				GCC_C_LANGUAGE_STANDARD = gnu11;
				GCC_DYNAMIC_NO_PIC = NO;
				GCC_NO_COMMON_BLOCKS = YES;
				GCC_OPTIMIZATION_LEVEL = 0;
				GCC_PREPROCESSOR_DEFINITIONS = (
					"DEBUG=1",
					"$(inherited)",
				);
				GCC_WARN_64_TO_32_BIT_CONVERSION = YES;
				GCC_WARN_ABOUT_RETURN_TYPE = YES_ERROR;
				GCC_WARN_UNDECLARED_SELECTOR = YES;
				GCC_WARN_UNINITIALIZED_AUTOS = YES_AGGRESSIVE;
				GCC_WARN_UNUSED_FUNCTION = YES;
				GCC_WARN_UNUSED_VARIABLE = YES;
				IPHONEOS_DEPLOYMENT_TARGET = 16.4;
				MTL_ENABLE_DEBUG_INFO = INCLUDE_SOURCE;
				MTL_FAST_MATH = YES;
				ONLY_ACTIVE_ARCH = YES;
				SDKROOT = iphoneos;
				SWIFT_ACTIVE_COMPILATION_CONDITIONS = DEBUG;
				SWIFT_OPTIMIZATION_LEVEL = "-Onone";
			};
			name = Debug;
		};
		A1DC192C29FAA71000B0F08F /* Release */ = {
			isa = XCBuildConfiguration;
			buildSettings = {
				ALWAYS_SEARCH_USER_PATHS = NO;
				CLANG_ANALYZER_NONNULL = YES;
				CLANG_ANALYZER_NUMBER_OBJECT_CONVERSION = YES_AGGRESSIVE;
				CLANG_CXX_LANGUAGE_STANDARD = "gnu++20";
				CLANG_ENABLE_MODULES = YES;
				CLANG_ENABLE_OBJC_ARC = YES;
				CLANG_ENABLE_OBJC_WEAK = YES;
				CLANG_WARN_BLOCK_CAPTURE_AUTORELEASING = YES;
				CLANG_WARN_BOOL_CONVERSION = YES;
				CLANG_WARN_COMMA = YES;
				CLANG_WARN_CONSTANT_CONVERSION = YES;
				CLANG_WARN_DEPRECATED_OBJC_IMPLEMENTATIONS = YES;
				CLANG_WARN_DIRECT_OBJC_ISA_USAGE = YES_ERROR;
				CLANG_WARN_DOCUMENTATION_COMMENTS = YES;
				CLANG_WARN_EMPTY_BODY = YES;
				CLANG_WARN_ENUM_CONVERSION = YES;
				CLANG_WARN_INFINITE_RECURSION = YES;
				CLANG_WARN_INT_CONVERSION = YES;
				CLANG_WARN_NON_LITERAL_NULL_CONVERSION = YES;
				CLANG_WARN_OBJC_IMPLICIT_RETAIN_SELF = YES;
				CLANG_WARN_OBJC_LITERAL_CONVERSION = YES;
				CLANG_WARN_OBJC_ROOT_CLASS = YES_ERROR;
				CLANG_WARN_QUOTED_INCLUDE_IN_FRAMEWORK_HEADER = YES;
				CLANG_WARN_RANGE_LOOP_ANALYSIS = YES;
				CLANG_WARN_STRICT_PROTOTYPES = YES;
				CLANG_WARN_SUSPICIOUS_MOVE = YES;
				CLANG_WARN_UNGUARDED_AVAILABILITY = YES_AGGRESSIVE;
				CLANG_WARN_UNREACHABLE_CODE = YES;
				CLANG_WARN__DUPLICATE_METHOD_MATCH = YES;
				COPY_PHASE_STRIP = NO;
				DEBUG_INFORMATION_FORMAT = "dwarf-with-dsym";
				ENABLE_NS_ASSERTIONS = NO;
				ENABLE_STRICT_OBJC_MSGSEND = YES;
				GCC_C_LANGUAGE_STANDARD = gnu11;
				GCC_NO_COMMON_BLOCKS = YES;
				GCC_WARN_64_TO_32_BIT_CONVERSION = YES;
				GCC_WARN_ABOUT_RETURN_TYPE = YES_ERROR;
				GCC_WARN_UNDECLARED_SELECTOR = YES;
				GCC_WARN_UNINITIALIZED_AUTOS = YES_AGGRESSIVE;
				GCC_WARN_UNUSED_FUNCTION = YES;
				GCC_WARN_UNUSED_VARIABLE = YES;
				IPHONEOS_DEPLOYMENT_TARGET = 16.4;
				MTL_ENABLE_DEBUG_INFO = NO;
				MTL_FAST_MATH = YES;
				SDKROOT = iphoneos;
				SWIFT_COMPILATION_MODE = wholemodule;
				SWIFT_OPTIMIZATION_LEVEL = "-O";
				VALIDATE_PRODUCT = YES;
			};
			name = Release;
		};
		A1DC192E29FAA71000B0F08F /* Debug */ = {
			isa = XCBuildConfiguration;
			buildSettings = {
				ASSETCATALOG_COMPILER_APPICON_NAME = AppIcon;
				ASSETCATALOG_COMPILER_GLOBAL_ACCENT_COLOR_NAME = AccentColor;
				CODE_SIGN_STYLE = Automatic;
				CURRENT_PROJECT_VERSION = 1;
				DEVELOPMENT_TEAM = 73YN9D8LV2;
				GENERATE_INFOPLIST_FILE = YES;
				INFOPLIST_FILE = "game-news-app/Info.plist";
				INFOPLIST_KEY_UIApplicationSupportsIndirectInputEvents = YES;
				INFOPLIST_KEY_UILaunchStoryboardName = LaunchScreen;
				INFOPLIST_KEY_UIMainStoryboardFile = Main;
				INFOPLIST_KEY_UISupportedInterfaceOrientations_iPad = "UIInterfaceOrientationPortrait UIInterfaceOrientationPortraitUpsideDown UIInterfaceOrientationLandscapeLeft UIInterfaceOrientationLandscapeRight";
				INFOPLIST_KEY_UISupportedInterfaceOrientations_iPhone = "UIInterfaceOrientationPortrait UIInterfaceOrientationLandscapeLeft UIInterfaceOrientationLandscapeRight";
				LD_RUNPATH_SEARCH_PATHS = (
					"$(inherited)",
					"@executable_path/Frameworks",
				);
				MARKETING_VERSION = 1.0;
				PRODUCT_BUNDLE_IDENTIFIER = "com.game-news-app";
				PRODUCT_NAME = "$(TARGET_NAME)";
				SWIFT_EMIT_LOC_STRINGS = YES;
				SWIFT_VERSION = 5.0;
				TARGETED_DEVICE_FAMILY = "1,2";
			};
			name = Debug;
		};
		A1DC192F29FAA71000B0F08F /* Release */ = {
			isa = XCBuildConfiguration;
			buildSettings = {
				ASSETCATALOG_COMPILER_APPICON_NAME = AppIcon;
				ASSETCATALOG_COMPILER_GLOBAL_ACCENT_COLOR_NAME = AccentColor;
				CODE_SIGN_STYLE = Automatic;
				CURRENT_PROJECT_VERSION = 1;
				DEVELOPMENT_TEAM = 73YN9D8LV2;
				GENERATE_INFOPLIST_FILE = YES;
				INFOPLIST_FILE = "game-news-app/Info.plist";
				INFOPLIST_KEY_UIApplicationSupportsIndirectInputEvents = YES;
				INFOPLIST_KEY_UILaunchStoryboardName = LaunchScreen;
				INFOPLIST_KEY_UIMainStoryboardFile = Main;
				INFOPLIST_KEY_UISupportedInterfaceOrientations_iPad = "UIInterfaceOrientationPortrait UIInterfaceOrientationPortraitUpsideDown UIInterfaceOrientationLandscapeLeft UIInterfaceOrientationLandscapeRight";
				INFOPLIST_KEY_UISupportedInterfaceOrientations_iPhone = "UIInterfaceOrientationPortrait UIInterfaceOrientationLandscapeLeft UIInterfaceOrientationLandscapeRight";
				LD_RUNPATH_SEARCH_PATHS = (
					"$(inherited)",
					"@executable_path/Frameworks",
				);
				MARKETING_VERSION = 1.0;
				PRODUCT_BUNDLE_IDENTIFIER = "com.game-news-app";
				PRODUCT_NAME = "$(TARGET_NAME)";
				SWIFT_EMIT_LOC_STRINGS = YES;
				SWIFT_VERSION = 5.0;
				TARGETED_DEVICE_FAMILY = "1,2";
			};
			name = Release;
		};
/* End XCBuildConfiguration section */

/* Begin XCConfigurationList section */
		A1DC191429FAA70E00B0F08F /* Build configuration list for PBXProject "game-news-app" */ = {
			isa = XCConfigurationList;
			buildConfigurations = (
				A1DC192B29FAA71000B0F08F /* Debug */,
				A1DC192C29FAA71000B0F08F /* Release */,
			);
			defaultConfigurationIsVisible = 0;
			defaultConfigurationName = Release;
		};
		A1DC192D29FAA71000B0F08F /* Build configuration list for PBXNativeTarget "game-news-app" */ = {
			isa = XCConfigurationList;
			buildConfigurations = (
				A1DC192E29FAA71000B0F08F /* Debug */,
				A1DC192F29FAA71000B0F08F /* Release */,
			);
			defaultConfigurationIsVisible = 0;
			defaultConfigurationName = Release;
		};
/* End XCConfigurationList section */

/* Begin XCRemoteSwiftPackageReference section */
		A1DC195A29FE5BDD00B0F08F /* XCRemoteSwiftPackageReference "SnapKit" */ = {
			isa = XCRemoteSwiftPackageReference;
			repositoryURL = "https://github.com/SnapKit/SnapKit.git";
			requirement = {
				kind = upToNextMajorVersion;
				minimumVersion = 5.0.0;
			};
		};
		A1DC196829FFC19000B0F08F /* XCRemoteSwiftPackageReference "CombineCocoa" */ = {
			isa = XCRemoteSwiftPackageReference;
			repositoryURL = "https://github.com/CombineCommunity/CombineCocoa.git";
			requirement = {
				kind = upToNextMajorVersion;
				minimumVersion = 0.4.1;
			};
		};
		A1DC197729FFCEEF00B0F08F /* XCRemoteSwiftPackageReference "Kingfisher" */ = {
			isa = XCRemoteSwiftPackageReference;
			repositoryURL = "https://github.com/onevcat/Kingfisher.git";
			requirement = {
				kind = upToNextMajorVersion;
				minimumVersion = 7.0.0;
			};
		};
/* End XCRemoteSwiftPackageReference section */

/* Begin XCSwiftPackageProductDependency section */
		A1DC195B29FE5BDD00B0F08F /* SnapKit */ = {
			isa = XCSwiftPackageProductDependency;
			package = A1DC195A29FE5BDD00B0F08F /* XCRemoteSwiftPackageReference "SnapKit" */;
			productName = SnapKit;
		};
		A1DC196929FFC19000B0F08F /* CombineCocoa */ = {
			isa = XCSwiftPackageProductDependency;
			package = A1DC196829FFC19000B0F08F /* XCRemoteSwiftPackageReference "CombineCocoa" */;
			productName = CombineCocoa;
		};
		A1DC197829FFCEEF00B0F08F /* Kingfisher */ = {
			isa = XCSwiftPackageProductDependency;
			package = A1DC197729FFCEEF00B0F08F /* XCRemoteSwiftPackageReference "Kingfisher" */;
			productName = Kingfisher;
		};
/* End XCSwiftPackageProductDependency section */
	};
	rootObject = A1DC191129FAA70E00B0F08F /* Project object */;
}
